
Microsoft Visual Studio Solution File, Format Version 12.00
# Visual Studio Version 16
VisualStudioVersion = 16.0.30011.22
MinimumVisualStudioVersion = 10.0.40219.1
Project("{FAE04EC0-301F-11D3-BF4B-00C04F79EFBC}") = "PoiPoi_Mod_Installer", "PoiPoi_Mod_Installer\PoiPoi_Mod_Installer.csproj", "{540755C6-1F85-46D2-A602-CE83D8CA0F70}"
EndProject
Global
	GlobalSection(SolutionConfigurationPlatforms) = preSolution
		Debug|Any CPU = Debug|Any CPU
		Release|Any CPU = Release|Any CPU
	EndGlobalSection
	GlobalSection(ProjectConfigurationPlatforms) = postSolution
		{540755C6-1F85-46D2-A602-CE83D8CA0F70}.Debug|Any CPU.ActiveCfg = Debug|Any CPU
		{540755C6-1F85-46D2-A602-CE83D8CA0F70}.Debug|Any CPU.Build.0 = Debug|Any CPU
		{540755C6-1F85-46D2-A602-CE83D8CA0F70}.Release|Any CPU.ActiveCfg = Release|Any CPU
		{540755C6-1F85-46D2-A602-CE83D8CA0F70}.Release|Any CPU.Build.0 = Release|Any CPU
	EndGlobalSection
	GlobalSection(SolutionProperties) = preSolution
		HideSolutionNode = FALSE
	EndGlobalSection
	GlobalSection(ExtensibilityGlobals) = postSolution
		SolutionGuid = {4E45DFB5-23F1-4FFF-9983-866A7D8FFE66}
	EndGlobalSection
EndGlobal
